
Microsoft Visual Studio Solution File, Format Version 12.00
# Visual Studio Version 17
VisualStudioVersion = 17.8.34525.116
MinimumVisualStudioVersion = 10.0.40219.1
Project("{9A19103F-16F7-4668-BE54-9A1E7A4F7556}") = "Domain", "Domain\Domain.csproj", "{4941CEE1-D4B9-40DE-B65A-8F63E9BF7FDD}"
EndProject
Project("{9A19103F-16F7-4668-BE54-9A1E7A4F7556}") = "Application", "Application\Application.csproj", "{20EEDF67-BA4F-4776-9CBA-0A3405BCCD09}"
EndProject
Project("{9A19103F-16F7-4668-BE54-9A1E7A4F7556}") = "Infrastructure", "Infrastructure\Infrastructure.csproj", "{74F33D1E-CA4B-46BC-8072-30969B426BDC}"
EndProject
Project("{9A19103F-16F7-4668-BE54-9A1E7A4F7556}") = "Persistence", "Persistence\Persistence.csproj", "{0DD00DD9-6247-4CB7-A0A9-98D32DEB8104}"
EndProject
Project("{9A19103F-16F7-4668-BE54-9A1E7A4F7556}") = "API", "API\API.csproj", "{C65FFAFA-3300-4307-AF47-A0EECE35615F}"
EndProject
Project("{E53339B2-1760-4266-BCC7-CA923CBCF16C}") = "docker-compose", "docker-compose.dcproj", "{F9B85B3A-C9A2-4A53-B912-BC0501B6E4AA}"
EndProject
Global
	GlobalSection(SolutionConfigurationPlatforms) = preSolution
		Debug|Any CPU = Debug|Any CPU
		Release|Any CPU = Release|Any CPU
	EndGlobalSection
	GlobalSection(ProjectConfigurationPlatforms) = postSolution
		{4941CEE1-D4B9-40DE-B65A-8F63E9BF7FDD}.Debug|Any CPU.ActiveCfg = Debug|Any CPU
		{4941CEE1-D4B9-40DE-B65A-8F63E9BF7FDD}.Debug|Any CPU.Build.0 = Debug|Any CPU
		{4941CEE1-D4B9-40DE-B65A-8F63E9BF7FDD}.Release|Any CPU.ActiveCfg = Release|Any CPU
		{4941CEE1-D4B9-40DE-B65A-8F63E9BF7FDD}.Release|Any CPU.Build.0 = Release|Any CPU
		{20EEDF67-BA4F-4776-9CBA-0A3405BCCD09}.Debug|Any CPU.ActiveCfg = Debug|Any CPU
		{20EEDF67-BA4F-4776-9CBA-0A3405BCCD09}.Debug|Any CPU.Build.0 = Debug|Any CPU
		{20EEDF67-BA4F-4776-9CBA-0A3405BCCD09}.Release|Any CPU.ActiveCfg = Release|Any CPU
		{20EEDF67-BA4F-4776-9CBA-0A3405BCCD09}.Release|Any CPU.Build.0 = Release|Any CPU
		{74F33D1E-CA4B-46BC-8072-30969B426BDC}.Debug|Any CPU.ActiveCfg = Debug|Any CPU
		{74F33D1E-CA4B-46BC-8072-30969B426BDC}.Debug|Any CPU.Build.0 = Debug|Any CPU
		{74F33D1E-CA4B-46BC-8072-30969B426BDC}.Release|Any CPU.ActiveCfg = Release|Any CPU
		{74F33D1E-CA4B-46BC-8072-30969B426BDC}.Release|Any CPU.Build.0 = Release|Any CPU
		{0DD00DD9-6247-4CB7-A0A9-98D32DEB8104}.Debug|Any CPU.ActiveCfg = Debug|Any CPU
		{0DD00DD9-6247-4CB7-A0A9-98D32DEB8104}.Debug|Any CPU.Build.0 = Debug|Any CPU
		{0DD00DD9-6247-4CB7-A0A9-98D32DEB8104}.Release|Any CPU.ActiveCfg = Release|Any CPU
		{0DD00DD9-6247-4CB7-A0A9-98D32DEB8104}.Release|Any CPU.Build.0 = Release|Any CPU
		{C65FFAFA-3300-4307-AF47-A0EECE35615F}.Debug|Any CPU.ActiveCfg = Debug|Any CPU
		{C65FFAFA-3300-4307-AF47-A0EECE35615F}.Debug|Any CPU.Build.0 = Debug|Any CPU
		{C65FFAFA-3300-4307-AF47-A0EECE35615F}.Release|Any CPU.ActiveCfg = Release|Any CPU
		{C65FFAFA-3300-4307-AF47-A0EECE35615F}.Release|Any CPU.Build.0 = Release|Any CPU
		{F9B85B3A-C9A2-4A53-B912-BC0501B6E4AA}.Debug|Any CPU.ActiveCfg = Debug|Any CPU
		{F9B85B3A-C9A2-4A53-B912-BC0501B6E4AA}.Debug|Any CPU.Build.0 = Debug|Any CPU
		{F9B85B3A-C9A2-4A53-B912-BC0501B6E4AA}.Release|Any CPU.ActiveCfg = Release|Any CPU
		{F9B85B3A-C9A2-4A53-B912-BC0501B6E4AA}.Release|Any CPU.Build.0 = Release|Any CPU
	EndGlobalSection
	GlobalSection(SolutionProperties) = preSolution
		HideSolutionNode = FALSE
	EndGlobalSection
	GlobalSection(ExtensibilityGlobals) = postSolution
		SolutionGuid = {478858FC-DD9D-44D6-B64E-080EDC88C701}
	EndGlobalSection
EndGlobal
